// !$*UTF8*$!
{
	archiveVersion = 1;
	classes = {
	};
	objectVersion = 50;
	objects = {

/* Begin PBXBuildFile section */
		609FF2D525B1998700960352 /* AppDelegate.swift in Sources */ = {isa = PBXBuildFile; fileRef = 609FF2D425B1998700960352 /* AppDelegate.swift */; };
		609FF2D725B1998700960352 /* SceneDelegate.swift in Sources */ = {isa = PBXBuildFile; fileRef = 609FF2D625B1998700960352 /* SceneDelegate.swift */; };
		609FF2D925B1998700960352 /* ViewController.swift in Sources */ = {isa = PBXBuildFile; fileRef = 609FF2D825B1998700960352 /* ViewController.swift */; };
		609FF2DC25B1998700960352 /* Main.storyboard in Resources */ = {isa = PBXBuildFile; fileRef = 609FF2DA25B1998700960352 /* Main.storyboard */; };
		609FF2DE25B1998A00960352 /* Assets.xcassets in Resources */ = {isa = PBXBuildFile; fileRef = 609FF2DD25B1998A00960352 /* Assets.xcassets */; };
		609FF2E125B1998A00960352 /* LaunchScreen.storyboard in Resources */ = {isa = PBXBuildFile; fileRef = 609FF2DF25B1998A00960352 /* LaunchScreen.storyboard */; };
		609FF2EC25B1998A00960352 /* testTests.swift in Sources */ = {isa = PBXBuildFile; fileRef = 609FF2EB25B1998A00960352 /* testTests.swift */; };
		609FF2F725B1998A00960352 /* testUITests.swift in Sources */ = {isa = PBXBuildFile; fileRef = 609FF2F625B1998A00960352 /* testUITests.swift */; };
/* End PBXBuildFile section */

/* Begin PBXContainerItemProxy section */
		609FF2E825B1998A00960352 /* PBXContainerItemProxy */ = {
			isa = PBXContainerItemProxy;
			containerPortal = 609FF2C925B1998600960352 /* Project object */;
			proxyType = 1;
			remoteGlobalIDString = 609FF2D025B1998600960352;
			remoteInfo = test;
		};
		609FF2F325B1998A00960352 /* PBXContainerItemProxy */ = {
			isa = PBXContainerItemProxy;
			containerPortal = 609FF2C925B1998600960352 /* Project object */;
			proxyType = 1;
			remoteGlobalIDString = 609FF2D025B1998600960352;
			remoteInfo = test;
		};
/* End PBXContainerItemProxy section */

/* Begin PBXFileReference section */
		609FF2D125B1998700960352 /* test.app */ = {isa = PBXFileReference; explicitFileType = wrapper.application; includeInIndex = 0; path = test.app; sourceTree = BUILT_PRODUCTS_DIR; };
		609FF2D425B1998700960352 /* AppDelegate.swift */ = {isa = PBXFileReference; lastKnownFileType = sourcecode.swift; path = AppDelegate.swift; sourceTree = "<group>"; };
		609FF2D625B1998700960352 /* SceneDelegate.swift */ = {isa = PBXFileReference; lastKnownFileType = sourcecode.swift; path = SceneDelegate.swift; sourceTree = "<group>"; };
		609FF2D825B1998700960352 /* ViewController.swift */ = {isa = PBXFileReference; lastKnownFileType = sourcecode.swift; path = ViewController.swift; sourceTree = "<group>"; };
		609FF2DB25B1998700960352 /* Base */ = {isa = PBXFileReference; lastKnownFileType = file.storyboard; name = Base; path = Base.lproj/Main.storyboard; sourceTree = "<group>"; };
		609FF2DD25B1998A00960352 /* Assets.xcassets */ = {isa = PBXFileReference; lastKnownFileType = folder.assetcatalog; path = Assets.xcassets; sourceTree = "<group>"; };
		609FF2E025B1998A00960352 /* Base */ = {isa = PBXFileReference; lastKnownFileType = file.storyboard; name = Base; path = Base.lproj/LaunchScreen.storyboard; sourceTree = "<group>"; };
		609FF2E225B1998A00960352 /* Info.plist */ = {isa = PBXFileReference; lastKnownFileType = text.plist.xml; path = Info.plist; sourceTree = "<group>"; };
		609FF2E725B1998A00960352 /* testTests.xctest */ = {isa = PBXFileReference; explicitFileType = wrapper.cfbundle; includeInIndex = 0; path = testTests.xctest; sourceTree = BUILT_PRODUCTS_DIR; };
		609FF2EB25B1998A00960352 /* testTests.swift */ = {isa = PBXFileReference; lastKnownFileType = sourcecode.swift; path = testTests.swift; sourceTree = "<group>"; };
		609FF2ED25B1998A00960352 /* Info.plist */ = {isa = PBXFileReference; lastKnownFileType = text.plist.xml; path = Info.plist; sourceTree = "<group>"; };
		609FF2F225B1998A00960352 /* testUITests.xctest */ = {isa = PBXFileReference; explicitFileType = wrapper.cfbundle; includeInIndex = 0; path = testUITests.xctest; sourceTree = BUILT_PRODUCTS_DIR; };
		609FF2F625B1998A00960352 /* testUITests.swift */ = {isa = PBXFileReference; lastKnownFileType = sourcecode.swift; path = testUITests.swift; sourceTree = "<group>"; };
		609FF2F825B1998A00960352 /* Info.plist */ = {isa = PBXFileReference; lastKnownFileType = text.plist.xml; path = Info.plist; sourceTree = "<group>"; };
		609FF30D25B19ECA00960352 /* test.entitlements */ = {isa = PBXFileReference; lastKnownFileType = text.plist.entitlements; path = test.entitlements; sourceTree = "<group>"; };
/* End PBXFileReference section */

/* Begin PBXFrameworksBuildPhase section */
		609FF2CE25B1998600960352 /* Frameworks */ = {
			isa = PBXFrameworksBuildPhase;
			buildActionMask = 2147483647;
			files = (
			);
			runOnlyForDeploymentPostprocessing = 0;
		};
		609FF2E425B1998A00960352 /* Frameworks */ = {
			isa = PBXFrameworksBuildPhase;
			buildActionMask = 2147483647;
			files = (
			);
			runOnlyForDeploymentPostprocessing = 0;
		};
		609FF2EF25B1998A00960352 /* Frameworks */ = {
			isa = PBXFrameworksBuildPhase;
			buildActionMask = 2147483647;
			files = (
			);
			runOnlyForDeploymentPostprocessing = 0;
		};
/* End PBXFrameworksBuildPhase section */

/* Begin PBXGroup section */
		609FF2C825B1998600960352 = {
			isa = PBXGroup;
			children = (
				609FF2D325B1998700960352 /* test */,
				609FF2EA25B1998A00960352 /* testTests */,
				609FF2F525B1998A00960352 /* testUITests */,
				609FF2D225B1998700960352 /* Products */,
			);
			sourceTree = "<group>";
		};
		609FF2D225B1998700960352 /* Products */ = {
			isa = PBXGroup;
			children = (
				609FF2D125B1998700960352 /* test.app */,
				609FF2E725B1998A00960352 /* testTests.xctest */,
				609FF2F225B1998A00960352 /* testUITests.xctest */,
			);
			name = Products;
			sourceTree = "<group>";
		};
		609FF2D325B1998700960352 /* test */ = {
			isa = PBXGroup;
			children = (
				609FF30D25B19ECA00960352 /* test.entitlements */,
				609FF2D425B1998700960352 /* AppDelegate.swift */,
				609FF2D625B1998700960352 /* SceneDelegate.swift */,
				609FF2D825B1998700960352 /* ViewController.swift */,
				609FF2DA25B1998700960352 /* Main.storyboard */,
				609FF2DD25B1998A00960352 /* Assets.xcassets */,
				609FF2DF25B1998A00960352 /* LaunchScreen.storyboard */,
				609FF2E225B1998A00960352 /* Info.plist */,
			);
			path = test;
			sourceTree = "<group>";
		};
		609FF2EA25B1998A00960352 /* testTests */ = {
			isa = PBXGroup;
			children = (
				609FF2EB25B1998A00960352 /* testTests.swift */,
				609FF2ED25B1998A00960352 /* Info.plist */,
			);
			path = testTests;
			sourceTree = "<group>";
		};
		609FF2F525B1998A00960352 /* testUITests */ = {
			isa = PBXGroup;
			children = (
				609FF2F625B1998A00960352 /* testUITests.swift */,
				609FF2F825B1998A00960352 /* Info.plist */,
			);
			path = testUITests;
			sourceTree = "<group>";
		};
/* End PBXGroup section */

/* Begin PBXNativeTarget section */
		609FF2D025B1998600960352 /* test */ = {
			isa = PBXNativeTarget;
			buildConfigurationList = 609FF2FB25B1998A00960352 /* Build configuration list for PBXNativeTarget "test" */;
			buildPhases = (
				609FF2CD25B1998600960352 /* Sources */,
				609FF2CE25B1998600960352 /* Frameworks */,
				609FF2CF25B1998600960352 /* Resources */,
			);
			buildRules = (
			);
			dependencies = (
			);
			name = test;
			productName = test;
			productReference = 609FF2D125B1998700960352 /* test.app */;
			productType = "com.apple.product-type.application";
		};
		609FF2E625B1998A00960352 /* testTests */ = {
			isa = PBXNativeTarget;
			buildConfigurationList = 609FF2FE25B1998A00960352 /* Build configuration list for PBXNativeTarget "testTests" */;
			buildPhases = (
				609FF2E325B1998A00960352 /* Sources */,
				609FF2E425B1998A00960352 /* Frameworks */,
				609FF2E525B1998A00960352 /* Resources */,
			);
			buildRules = (
			);
			dependencies = (
				609FF2E925B1998A00960352 /* PBXTargetDependency */,
			);
			name = testTests;
			productName = testTests;
			productReference = 609FF2E725B1998A00960352 /* testTests.xctest */;
			productType = "com.apple.product-type.bundle.unit-test";
		};
		609FF2F125B1998A00960352 /* testUITests */ = {
			isa = PBXNativeTarget;
			buildConfigurationList = 609FF30125B1998A00960352 /* Build configuration list for PBXNativeTarget "testUITests" */;
			buildPhases = (
				609FF2EE25B1998A00960352 /* Sources */,
				609FF2EF25B1998A00960352 /* Frameworks */,
				609FF2F025B1998A00960352 /* Resources */,
			);
			buildRules = (
			);
			dependencies = (
				609FF2F425B1998A00960352 /* PBXTargetDependency */,
			);
			name = testUITests;
			productName = testUITests;
			productReference = 609FF2F225B1998A00960352 /* testUITests.xctest */;
			productType = "com.apple.product-type.bundle.ui-testing";
		};
/* End PBXNativeTarget section */

/* Begin PBXProject section */
		609FF2C925B1998600960352 /* Project object */ = {
			isa = PBXProject;
			attributes = {
				LastSwiftUpdateCheck = 1230;
				LastUpgradeCheck = 1230;
				TargetAttributes = {
					609FF2D025B1998600960352 = {
						CreatedOnToolsVersion = 12.3;
					};
					609FF2E625B1998A00960352 = {
						CreatedOnToolsVersion = 12.3;
						TestTargetID = 609FF2D025B1998600960352;
					};
					609FF2F125B1998A00960352 = {
						CreatedOnToolsVersion = 12.3;
						TestTargetID = 609FF2D025B1998600960352;
					};
				};
			};
			buildConfigurationList = 609FF2CC25B1998600960352 /* Build configuration list for PBXProject "test" */;
			compatibilityVersion = "Xcode 9.3";
			developmentRegion = en;
			hasScannedForEncodings = 0;
			knownRegions = (
				en,
				Base,
			);
			mainGroup = 609FF2C825B1998600960352;
			productRefGroup = 609FF2D225B1998700960352 /* Products */;
			projectDirPath = "";
			projectRoot = "";
			targets = (
				609FF2D025B1998600960352 /* test */,
				609FF2E625B1998A00960352 /* testTests */,
				609FF2F125B1998A00960352 /* testUITests */,
			);
		};
/* End PBXProject section */

/* Begin PBXResourcesBuildPhase section */
		609FF2CF25B1998600960352 /* Resources */ = {
			isa = PBXResourcesBuildPhase;
			buildActionMask = 2147483647;
			files = (
				609FF2E125B1998A00960352 /* LaunchScreen.storyboard in Resources */,
				609FF2DE25B1998A00960352 /* Assets.xcassets in Resources */,
				609FF2DC25B1998700960352 /* Main.storyboard in Resources */,
			);
			runOnlyForDeploymentPostprocessing = 0;
		};
		609FF2E525B1998A00960352 /* Resources */ = {
			isa = PBXResourcesBuildPhase;
			buildActionMask = 2147483647;
			files = (
			);
			runOnlyForDeploymentPostprocessing = 0;
		};
		609FF2F025B1998A00960352 /* Resources */ = {
			isa = PBXResourcesBuildPhase;
			buildActionMask = 2147483647;
			files = (
			);
			runOnlyForDeploymentPostprocessing = 0;
		};
/* End PBXResourcesBuildPhase section */

/* Begin PBXSourcesBuildPhase section */
		609FF2CD25B1998600960352 /* Sources */ = {
			isa = PBXSourcesBuildPhase;
			buildActionMask = 2147483647;
			files = (
				609FF2D925B1998700960352 /* ViewController.swift in Sources */,
				609FF2D525B1998700960352 /* AppDelegate.swift in Sources */,
				609FF2D725B1998700960352 /* SceneDelegate.swift in Sources */,
			);
			runOnlyForDeploymentPostprocessing = 0;
		};
		609FF2E325B1998A00960352 /* Sources */ = {
			isa = PBXSourcesBuildPhase;
			buildActionMask = 2147483647;
			files = (
				609FF2EC25B1998A00960352 /* testTests.swift in Sources */,
			);
			runOnlyForDeploymentPostprocessing = 0;
		};
		609FF2EE25B1998A00960352 /* Sources */ = {
			isa = PBXSourcesBuildPhase;
			buildActionMask = 2147483647;
			files = (
				609FF2F725B1998A00960352 /* testUITests.swift in Sources */,
			);
			runOnlyForDeploymentPostprocessing = 0;
		};
/* End PBXSourcesBuildPhase section */

/* Begin PBXTargetDependency section */
		609FF2E925B1998A00960352 /* PBXTargetDependency */ = {
			isa = PBXTargetDependency;
			target = 609FF2D025B1998600960352 /* test */;
			targetProxy = 609FF2E825B1998A00960352 /* PBXContainerItemProxy */;
		};
		609FF2F425B1998A00960352 /* PBXTargetDependency */ = {
			isa = PBXTargetDependency;
			target = 609FF2D025B1998600960352 /* test */;
			targetProxy = 609FF2F325B1998A00960352 /* PBXContainerItemProxy */;
		};
/* End PBXTargetDependency section */

/* Begin PBXVariantGroup section */
		609FF2DA25B1998700960352 /* Main.storyboard */ = {
			isa = PBXVariantGroup;
			children = (
				609FF2DB25B1998700960352 /* Base */,
			);
			name = Main.storyboard;
			sourceTree = "<group>";
		};
		609FF2DF25B1998A00960352 /* LaunchScreen.storyboard */ = {
			isa = PBXVariantGroup;
			children = (
				609FF2E025B1998A00960352 /* Base */,
			);
			name = LaunchScreen.storyboard;
			sourceTree = "<group>";
		};
/* End PBXVariantGroup section */

/* Begin XCBuildConfiguration section */
		609FF2F925B1998A00960352 /* Debug */ = {
			isa = XCBuildConfiguration;
			buildSettings = {
				ALWAYS_SEARCH_USER_PATHS = NO;
				CLANG_ANALYZER_NONNULL = YES;
				CLANG_ANALYZER_NUMBER_OBJECT_CONVERSION = YES_AGGRESSIVE;
				CLANG_CXX_LANGUAGE_STANDARD = "gnu++14";
				CLANG_CXX_LIBRARY = "libc++";
				CLANG_ENABLE_MODULES = YES;
				CLANG_ENABLE_OBJC_ARC = YES;
				CLANG_ENABLE_OBJC_WEAK = YES;
				CLANG_WARN_BLOCK_CAPTURE_AUTORELEASING = YES;
				CLANG_WARN_BOOL_CONVERSION = YES;
				CLANG_WARN_COMMA = YES;
				CLANG_WARN_CONSTANT_CONVERSION = YES;
				CLANG_WARN_DEPRECATED_OBJC_IMPLEMENTATIONS = YES;
				CLANG_WARN_DIRECT_OBJC_ISA_USAGE = YES_ERROR;
				CLANG_WARN_DOCUMENTATION_COMMENTS = YES;
				CLANG_WARN_EMPTY_BODY = YES;
				CLANG_WARN_ENUM_CONVERSION = YES;
				CLANG_WARN_INFINITE_RECURSION = YES;
				CLANG_WARN_INT_CONVERSION = YES;
				CLANG_WARN_NON_LITERAL_NULL_CONVERSION = YES;
				CLANG_WARN_OBJC_IMPLICIT_RETAIN_SELF = YES;
				CLANG_WARN_OBJC_LITERAL_CONVERSION = YES;
				CLANG_WARN_OBJC_ROOT_CLASS = YES_ERROR;
				CLANG_WARN_QUOTED_INCLUDE_IN_FRAMEWORK_HEADER = YES;
				CLANG_WARN_RANGE_LOOP_ANALYSIS = YES;
				CLANG_WARN_STRICT_PROTOTYPES = YES;
				CLANG_WARN_SUSPICIOUS_MOVE = YES;
				CLANG_WARN_UNGUARDED_AVAILABILITY = YES_AGGRESSIVE;
				CLANG_WARN_UNREACHABLE_CODE = YES;
				CLANG_WARN__DUPLICATE_METHOD_MATCH = YES;
				COPY_PHASE_STRIP = NO;
				DEBUG_INFORMATION_FORMAT = dwarf;
				ENABLE_STRICT_OBJC_MSGSEND = YES;
				ENABLE_TESTABILITY = YES;
				GCC_C_LANGUAGE_STANDARD = gnu11;
				GCC_DYNAMIC_NO_PIC = NO;
				GCC_NO_COMMON_BLOCKS = YES;
				GCC_OPTIMIZATION_LEVEL = 0;
				GCC_PREPROCESSOR_DEFINITIONS = (
					"DEBUG=1",
					"$(inherited)",
				);
				GCC_WARN_64_TO_32_BIT_CONVERSION = YES;
				GCC_WARN_ABOUT_RETURN_TYPE = YES_ERROR;
				GCC_WARN_UNDECLARED_SELECTOR = YES;
				GCC_WARN_UNINITIALIZED_AUTOS = YES_AGGRESSIVE;
				GCC_WARN_UNUSED_FUNCTION = YES;
				GCC_WARN_UNUSED_VARIABLE = YES;
				IPHONEOS_DEPLOYMENT_TARGET = 14.3;
				MTL_ENABLE_DEBUG_INFO = INCLUDE_SOURCE;
				MTL_FAST_MATH = YES;
				ONLY_ACTIVE_ARCH = YES;
				SDKROOT = iphoneos;
				SWIFT_ACTIVE_COMPILATION_CONDITIONS = DEBUG;
				SWIFT_OPTIMIZATION_LEVEL = "-Onone";
			};
			name = Debug;
		};
		609FF2FA25B1998A00960352 /* Release */ = {
			isa = XCBuildConfiguration;
			buildSettings = {
				ALWAYS_SEARCH_USER_PATHS = NO;
				CLANG_ANALYZER_NONNULL = YES;
				CLANG_ANALYZER_NUMBER_OBJECT_CONVERSION = YES_AGGRESSIVE;
				CLANG_CXX_LANGUAGE_STANDARD = "gnu++14";
				CLANG_CXX_LIBRARY = "libc++";
				CLANG_ENABLE_MODULES = YES;
				CLANG_ENABLE_OBJC_ARC = YES;
				CLANG_ENABLE_OBJC_WEAK = YES;
				CLANG_WARN_BLOCK_CAPTURE_AUTORELEASING = YES;
				CLANG_WARN_BOOL_CONVERSION = YES;
				CLANG_WARN_COMMA = YES;
				CLANG_WARN_CONSTANT_CONVERSION = YES;
				CLANG_WARN_DEPRECATED_OBJC_IMPLEMENTATIONS = YES;
				CLANG_WARN_DIRECT_OBJC_ISA_USAGE = YES_ERROR;
				CLANG_WARN_DOCUMENTATION_COMMENTS = YES;
				CLANG_WARN_EMPTY_BODY = YES;
				CLANG_WARN_ENUM_CONVERSION = YES;
				CLANG_WARN_INFINITE_RECURSION = YES;
				CLANG_WARN_INT_CONVERSION = YES;
				CLANG_WARN_NON_LITERAL_NULL_CONVERSION = YES;
				CLANG_WARN_OBJC_IMPLICIT_RETAIN_SELF = YES;
				CLANG_WARN_OBJC_LITERAL_CONVERSION = YES;
				CLANG_WARN_OBJC_ROOT_CLASS = YES_ERROR;
				CLANG_WARN_QUOTED_INCLUDE_IN_FRAMEWORK_HEADER = YES;
				CLANG_WARN_RANGE_LOOP_ANALYSIS = YES;
				CLANG_WARN_STRICT_PROTOTYPES = YES;
				CLANG_WARN_SUSPICIOUS_MOVE = YES;
				CLANG_WARN_UNGUARDED_AVAILABILITY = YES_AGGRESSIVE;
				CLANG_WARN_UNREACHABLE_CODE = YES;
				CLANG_WARN__DUPLICATE_METHOD_MATCH = YES;
				COPY_PHASE_STRIP = NO;
				DEBUG_INFORMATION_FORMAT = "dwarf-with-dsym";
				ENABLE_NS_ASSERTIONS = NO;
				ENABLE_STRICT_OBJC_MSGSEND = YES;
				GCC_C_LANGUAGE_STANDARD = gnu11;
				GCC_NO_COMMON_BLOCKS = YES;
				GCC_WARN_64_TO_32_BIT_CONVERSION = YES;
				GCC_WARN_ABOUT_RETURN_TYPE = YES_ERROR;
				GCC_WARN_UNDECLARED_SELECTOR = YES;
				GCC_WARN_UNINITIALIZED_AUTOS = YES_AGGRESSIVE;
				GCC_WARN_UNUSED_FUNCTION = YES;
				GCC_WARN_UNUSED_VARIABLE = YES;
				IPHONEOS_DEPLOYMENT_TARGET = 14.3;
				MTL_ENABLE_DEBUG_INFO = NO;
				MTL_FAST_MATH = YES;
				SDKROOT = iphoneos;
				SWIFT_COMPILATION_MODE = wholemodule;
				SWIFT_OPTIMIZATION_LEVEL = "-O";
				VALIDATE_PRODUCT = YES;
			};
			name = Release;
		};
		609FF2FC25B1998A00960352 /* Debug */ = {
			isa = XCBuildConfiguration;
			buildSettings = {
				ASSETCATALOG_COMPILER_APPICON_NAME = AppIcon;
				ASSETCATALOG_COMPILER_GLOBAL_ACCENT_COLOR_NAME = AccentColor;
				CODE_SIGN_ENTITLEMENTS = test/test.entitlements;
				CODE_SIGN_STYLE = Automatic;
				DEVELOPMENT_TEAM = 34E443NFE9;
				INFOPLIST_FILE = test/Info.plist;
				LD_RUNPATH_SEARCH_PATHS = (
					"$(inherited)",
					"@executable_path/Frameworks",
				);
				PRODUCT_BUNDLE_IDENTIFIER = com.matias.develop.test;
				PRODUCT_NAME = "$(TARGET_NAME)";
				SUPPORTS_MACCATALYST = YES;
				SWIFT_VERSION = 5.0;
				TARGETED_DEVICE_FAMILY = "1,2";
			};
			name = Debug;
		};
		609FF2FD25B1998A00960352 /* Release */ = {
			isa = XCBuildConfiguration;
			buildSettings = {
				ASSETCATALOG_COMPILER_APPICON_NAME = AppIcon;
				ASSETCATALOG_COMPILER_GLOBAL_ACCENT_COLOR_NAME = AccentColor;
				CODE_SIGN_ENTITLEMENTS = test/test.entitlements;
				CODE_SIGN_STYLE = Automatic;
				DEVELOPMENT_TEAM = 34E443NFE9;
				INFOPLIST_FILE = test/Info.plist;
				LD_RUNPATH_SEARCH_PATHS = (
					"$(inherited)",
					"@executable_path/Frameworks",
				);
				PRODUCT_BUNDLE_IDENTIFIER = com.matias.develop.test;
				PRODUCT_NAME = "$(TARGET_NAME)";
				SUPPORTS_MACCATALYST = YES;
				SWIFT_VERSION = 5.0;
				TARGETED_DEVICE_FAMILY = "1,2";
			};
			name = Release;
		};
		609FF2FF25B1998A00960352 /* Debug */ = {
			isa = XCBuildConfiguration;
			buildSettings = {
				ALWAYS_EMBED_SWIFT_STANDARD_LIBRARIES = YES;
				BUNDLE_LOADER = "$(TEST_HOST)";
				CODE_SIGN_STYLE = Automatic;
				DEVELOPMENT_TEAM = 34E443NFE9;
				INFOPLIST_FILE = testTests/Info.plist;
				IPHONEOS_DEPLOYMENT_TARGET = 14.3;
				LD_RUNPATH_SEARCH_PATHS = (
					"$(inherited)",
					"@executable_path/Frameworks",
					"@loader_path/Frameworks",
				);
				PRODUCT_BUNDLE_IDENTIFIER = com.matias.develop.testTests;
				PRODUCT_NAME = "$(TARGET_NAME)";
				SWIFT_VERSION = 5.0;
				TARGETED_DEVICE_FAMILY = "1,2";
				TEST_HOST = "$(BUILT_PRODUCTS_DIR)/test.app/test";
			};
			name = Debug;
		};
		609FF30025B1998A00960352 /* Release */ = {
			isa = XCBuildConfiguration;
			buildSettings = {
				ALWAYS_EMBED_SWIFT_STANDARD_LIBRARIES = YES;
				BUNDLE_LOADER = "$(TEST_HOST)";
				CODE_SIGN_STYLE = Automatic;
				DEVELOPMENT_TEAM = 34E443NFE9;
				INFOPLIST_FILE = testTests/Info.plist;
				IPHONEOS_DEPLOYMENT_TARGET = 14.3;
				LD_RUNPATH_SEARCH_PATHS = (
					"$(inherited)",
					"@executable_path/Frameworks",
					"@loader_path/Frameworks",
				);
				PRODUCT_BUNDLE_IDENTIFIER = com.matias.develop.testTests;
				PRODUCT_NAME = "$(TARGET_NAME)";
				SWIFT_VERSION = 5.0;
				TARGETED_DEVICE_FAMILY = "1,2";
				TEST_HOST = "$(BUILT_PRODUCTS_DIR)/test.app/test";
			};
			name = Release;
		};
		609FF30225B1998A00960352 /* Debug */ = {
			isa = XCBuildConfiguration;
			buildSettings = {
				ALWAYS_EMBED_SWIFT_STANDARD_LIBRARIES = YES;
				CODE_SIGN_STYLE = Automatic;
				DEVELOPMENT_TEAM = 34E443NFE9;
				INFOPLIST_FILE = testUITests/Info.plist;
				LD_RUNPATH_SEARCH_PATHS = (
					"$(inherited)",
					"@executable_path/Frameworks",
					"@loader_path/Frameworks",
				);
				PRODUCT_BUNDLE_IDENTIFIER = com.matias.develop.testUITests;
				PRODUCT_NAME = "$(TARGET_NAME)";
				SWIFT_VERSION = 5.0;
				TARGETED_DEVICE_FAMILY = "1,2";
				TEST_TARGET_NAME = test;
			};
			name = Debug;
		};
		609FF30325B1998A00960352 /* Release */ = {
			isa = XCBuildConfiguration;
			buildSettings = {
				ALWAYS_EMBED_SWIFT_STANDARD_LIBRARIES = YES;
				CODE_SIGN_STYLE = Automatic;
				DEVELOPMENT_TEAM = 34E443NFE9;
				INFOPLIST_FILE = testUITests/Info.plist;
				LD_RUNPATH_SEARCH_PATHS = (
					"$(inherited)",
					"@executable_path/Frameworks",
					"@loader_path/Frameworks",
				);
				PRODUCT_BUNDLE_IDENTIFIER = com.matias.develop.testUITests;
				PRODUCT_NAME = "$(TARGET_NAME)";
				SWIFT_VERSION = 5.0;
				TARGETED_DEVICE_FAMILY = "1,2";
				TEST_TARGET_NAME = test;
			};
			name = Release;
		};
/* End XCBuildConfiguration section */

/* Begin XCConfigurationList section */
		609FF2CC25B1998600960352 /* Build configuration list for PBXProject "test" */ = {
			isa = XCConfigurationList;
			buildConfigurations = (
				609FF2F925B1998A00960352 /* Debug */,
				609FF2FA25B1998A00960352 /* Release */,
			);
			defaultConfigurationIsVisible = 0;
			defaultConfigurationName = Release;
		};
		609FF2FB25B1998A00960352 /* Build configuration list for PBXNativeTarget "test" */ = {
			isa = XCConfigurationList;
			buildConfigurations = (
				609FF2FC25B1998A00960352 /* Debug */,
				609FF2FD25B1998A00960352 /* Release */,
			);
			defaultConfigurationIsVisible = 0;
			defaultConfigurationName = Release;
		};
		609FF2FE25B1998A00960352 /* Build configuration list for PBXNativeTarget "testTests" */ = {
			isa = XCConfigurationList;
			buildConfigurations = (
				609FF2FF25B1998A00960352 /* Debug */,
				609FF30025B1998A00960352 /* Release */,
			);
			defaultConfigurationIsVisible = 0;
			defaultConfigurationName = Release;
		};
		609FF30125B1998A00960352 /* Build configuration list for PBXNativeTarget "testUITests" */ = {
			isa = XCConfigurationList;
			buildConfigurations = (
				609FF30225B1998A00960352 /* Debug */,
				609FF30325B1998A00960352 /* Release */,
			);
			defaultConfigurationIsVisible = 0;
			defaultConfigurationName = Release;
		};
/* End XCConfigurationList section */
	};
	rootObject = 609FF2C925B1998600960352 /* Project object */;
}
