PODS:
  - Alamofire (5.2.2)
  - SwiftLint (0.42.0)

DEPENDENCIES:
  - Alamofire
  - SwiftLint

SPEC REPOS:
  trunk:
    - Alamofire
    - SwiftLint

SPEC CHECKSUMS:
  Alamofire: 814429acc853c6c54ff123fc3d2ef66803823ce0
  SwiftLint: 4fa9579c63416865179bc416f0a92d55f009600d

PODFILE CHECKSUM: 68bc030f163ec2f976e0dac21448bbda5cfa2fca

COCOAPODS: 1.9.3
